// !$*UTF8*$!
{
	archiveVersion = 1;
	classes = {
	};
	objectVersion = 46;
	objects = {

/* Begin PBXBuildFile section */
		BA0390DE1B40EDA700C307A8 /* main.m in Sources */ = {isa = PBXBuildFile; fileRef = BA0390DD1B40EDA700C307A8 /* main.m */; };
		BA0390E11B40EDA700C307A8 /* AppDelegate.m in Sources */ = {isa = PBXBuildFile; fileRef = BA0390E01B40EDA700C307A8 /* AppDelegate.m */; };
		BA0390E41B40EDA700C307A8 /* ViewController.m in Sources */ = {isa = PBXBuildFile; fileRef = BA0390E31B40EDA700C307A8 /* ViewController.m */; };
		BA0390E71B40EDA700C307A8 /* Main.storyboard in Resources */ = {isa = PBXBuildFile; fileRef = BA0390E51B40EDA700C307A8 /* Main.storyboard */; };
		BA0390E91B40EDA700C307A8 /* Images.xcassets in Resources */ = {isa = PBXBuildFile; fileRef = BA0390E81B40EDA700C307A8 /* Images.xcassets */; };
		BA0390EC1B40EDA700C307A8 /* LaunchScreen.xib in Resources */ = {isa = PBXBuildFile; fileRef = BA0390EA1B40EDA700C307A8 /* LaunchScreen.xib */; };
		BA0390F81B40EDA800C307A8 /* TodayExtendsionTutorialTests.m in Sources */ = {isa = PBXBuildFile; fileRef = BA0390F71B40EDA800C307A8 /* TodayExtendsionTutorialTests.m */; };
/* End PBXBuildFile section */

/* Begin PBXContainerItemProxy section */
		BA0390F21B40EDA800C307A8 /* PBXContainerItemProxy */ = {
			isa = PBXContainerItemProxy;
			containerPortal = BA0390D01B40EDA700C307A8 /* Project object */;
			proxyType = 1;
			remoteGlobalIDString = BA0390D71B40EDA700C307A8;
			remoteInfo = TodayExtendsionTutorial;
		};
/* End PBXContainerItemProxy section */

/* Begin PBXFileReference section */
		BA0390D81B40EDA700C307A8 /* TodayExtendsionTutorial.app */ = {isa = PBXFileReference; explicitFileType = wrapper.application; includeInIndex = 0; path = TodayExtendsionTutorial.app; sourceTree = BUILT_PRODUCTS_DIR; };
		BA0390DC1B40EDA700C307A8 /* Info.plist */ = {isa = PBXFileReference; lastKnownFileType = text.plist.xml; path = Info.plist; sourceTree = "<group>"; };
		BA0390DD1B40EDA700C307A8 /* main.m */ = {isa = PBXFileReference; lastKnownFileType = sourcecode.c.objc; path = main.m; sourceTree = "<group>"; };
		BA0390DF1B40EDA700C307A8 /* AppDelegate.h */ = {isa = PBXFileReference; lastKnownFileType = sourcecode.c.h; path = AppDelegate.h; sourceTree = "<group>"; };
		BA0390E01B40EDA700C307A8 /* AppDelegate.m */ = {isa = PBXFileReference; lastKnownFileType = sourcecode.c.objc; path = AppDelegate.m; sourceTree = "<group>"; };
		BA0390E21B40EDA700C307A8 /* ViewController.h */ = {isa = PBXFileReference; lastKnownFileType = sourcecode.c.h; path = ViewController.h; sourceTree = "<group>"; };
		BA0390E31B40EDA700C307A8 /* ViewController.m */ = {isa = PBXFileReference; lastKnownFileType = sourcecode.c.objc; path = ViewController.m; sourceTree = "<group>"; };
		BA0390E61B40EDA700C307A8 /* Base */ = {isa = PBXFileReference; lastKnownFileType = file.storyboard; name = Base; path = Base.lproj/Main.storyboard; sourceTree = "<group>"; };
		BA0390E81B40EDA700C307A8 /* Images.xcassets */ = {isa = PBXFileReference; lastKnownFileType = folder.assetcatalog; path = Images.xcassets; sourceTree = "<group>"; };
		BA0390EB1B40EDA700C307A8 /* Base */ = {isa = PBXFileReference; lastKnownFileType = file.xib; name = Base; path = Base.lproj/LaunchScreen.xib; sourceTree = "<group>"; };
		BA0390F11B40EDA800C307A8 /* TodayExtendsionTutorialTests.xctest */ = {isa = PBXFileReference; explicitFileType = wrapper.cfbundle; includeInIndex = 0; path = TodayExtendsionTutorialTests.xctest; sourceTree = BUILT_PRODUCTS_DIR; };
		BA0390F61B40EDA800C307A8 /* Info.plist */ = {isa = PBXFileReference; lastKnownFileType = text.plist.xml; path = Info.plist; sourceTree = "<group>"; };
		BA0390F71B40EDA800C307A8 /* TodayExtendsionTutorialTests.m */ = {isa = PBXFileReference; lastKnownFileType = sourcecode.c.objc; path = TodayExtendsionTutorialTests.m; sourceTree = "<group>"; };
/* End PBXFileReference section */

/* Begin PBXFrameworksBuildPhase section */
		BA0390D51B40EDA700C307A8 /* Frameworks */ = {
			isa = PBXFrameworksBuildPhase;
			buildActionMask = 2147483647;
			files = (
			);
			runOnlyForDeploymentPostprocessing = 0;
		};
		BA0390EE1B40EDA800C307A8 /* Frameworks */ = {
			isa = PBXFrameworksBuildPhase;
			buildActionMask = 2147483647;
			files = (
			);
			runOnlyForDeploymentPostprocessing = 0;
		};
/* End PBXFrameworksBuildPhase section */

/* Begin PBXGroup section */
		BA0390CF1B40EDA700C307A8 = {
			isa = PBXGroup;
			children = (
				BA0390DA1B40EDA700C307A8 /* TodayExtendsionTutorial */,
				BA0390F41B40EDA800C307A8 /* TodayExtendsionTutorialTests */,
				BA0390D91B40EDA700C307A8 /* Products */,
			);
			sourceTree = "<group>";
		};
		BA0390D91B40EDA700C307A8 /* Products */ = {
			isa = PBXGroup;
			children = (
				BA0390D81B40EDA700C307A8 /* TodayExtendsionTutorial.app */,
				BA0390F11B40EDA800C307A8 /* TodayExtendsionTutorialTests.xctest */,
			);
			name = Products;
			sourceTree = "<group>";
		};
		BA0390DA1B40EDA700C307A8 /* TodayExtendsionTutorial */ = {
			isa = PBXGroup;
			children = (
				BA0390DF1B40EDA700C307A8 /* AppDelegate.h */,
				BA0390E01B40EDA700C307A8 /* AppDelegate.m */,
				BA0390E21B40EDA700C307A8 /* ViewController.h */,
				BA0390E31B40EDA700C307A8 /* ViewController.m */,
				BA0390E51B40EDA700C307A8 /* Main.storyboard */,
				BA0390E81B40EDA700C307A8 /* Images.xcassets */,
				BA0390EA1B40EDA700C307A8 /* LaunchScreen.xib */,
				BA0390DB1B40EDA700C307A8 /* Supporting Files */,
			);
			path = TodayExtendsionTutorial;
			sourceTree = "<group>";
		};
		BA0390DB1B40EDA700C307A8 /* Supporting Files */ = {
			isa = PBXGroup;
			children = (
				BA0390DC1B40EDA700C307A8 /* Info.plist */,
				BA0390DD1B40EDA700C307A8 /* main.m */,
			);
			name = "Supporting Files";
			sourceTree = "<group>";
		};
		BA0390F41B40EDA800C307A8 /* TodayExtendsionTutorialTests */ = {
			isa = PBXGroup;
			children = (
				BA0390F71B40EDA800C307A8 /* TodayExtendsionTutorialTests.m */,
				BA0390F51B40EDA800C307A8 /* Supporting Files */,
			);
			path = TodayExtendsionTutorialTests;
			sourceTree = "<group>";
		};
		BA0390F51B40EDA800C307A8 /* Supporting Files */ = {
			isa = PBXGroup;
			children = (
				BA0390F61B40EDA800C307A8 /* Info.plist */,
			);
			name = "Supporting Files";
			sourceTree = "<group>";
		};
/* End PBXGroup section */

/* Begin PBXNativeTarget section */
		BA0390D71B40EDA700C307A8 /* TodayExtendsionTutorial */ = {
			isa = PBXNativeTarget;
			buildConfigurationList = BA0390FB1B40EDA800C307A8 /* Build configuration list for PBXNativeTarget "TodayExtendsionTutorial" */;
			buildPhases = (
				BA0390D41B40EDA700C307A8 /* Sources */,
				BA0390D51B40EDA700C307A8 /* Frameworks */,
				BA0390D61B40EDA700C307A8 /* Resources */,
			);
			buildRules = (
			);
			dependencies = (
			);
			name = TodayExtendsionTutorial;
			productName = TodayExtendsionTutorial;
			productReference = BA0390D81B40EDA700C307A8 /* TodayExtendsionTutorial.app */;
			productType = "com.apple.product-type.application";
		};
		BA0390F01B40EDA800C307A8 /* TodayExtendsionTutorialTests */ = {
			isa = PBXNativeTarget;
			buildConfigurationList = BA0390FE1B40EDA800C307A8 /* Build configuration list for PBXNativeTarget "TodayExtendsionTutorialTests" */;
			buildPhases = (
				BA0390ED1B40EDA800C307A8 /* Sources */,
				BA0390EE1B40EDA800C307A8 /* Frameworks */,
				BA0390EF1B40EDA800C307A8 /* Resources */,
			);
			buildRules = (
			);
			dependencies = (
				BA0390F31B40EDA800C307A8 /* PBXTargetDependency */,
			);
			name = TodayExtendsionTutorialTests;
			productName = TodayExtendsionTutorialTests;
			productReference = BA0390F11B40EDA800C307A8 /* TodayExtendsionTutorialTests.xctest */;
			productType = "com.apple.product-type.bundle.unit-test";
		};
/* End PBXNativeTarget section */

/* Begin PBXProject section */
		BA0390D01B40EDA700C307A8 /* Project object */ = {
			isa = PBXProject;
			attributes = {
				LastUpgradeCheck = 0610;
				ORGANIZATIONNAME = doanhkisi;
				TargetAttributes = {
					BA0390D71B40EDA700C307A8 = {
						CreatedOnToolsVersion = 6.1.1;
					};
					BA0390F01B40EDA800C307A8 = {
						CreatedOnToolsVersion = 6.1.1;
						TestTargetID = BA0390D71B40EDA700C307A8;
					};
				};
			};
			buildConfigurationList = BA0390D31B40EDA700C307A8 /* Build configuration list for PBXProject "TodayExtendsionTutorial" */;
			compatibilityVersion = "Xcode 3.2";
			developmentRegion = English;
			hasScannedForEncodings = 0;
			knownRegions = (
				en,
				Base,
			);
			mainGroup = BA0390CF1B40EDA700C307A8;
			productRefGroup = BA0390D91B40EDA700C307A8 /* Products */;
			projectDirPath = "";
			projectRoot = "";
			targets = (
				BA0390D71B40EDA700C307A8 /* TodayExtendsionTutorial */,
				BA0390F01B40EDA800C307A8 /* TodayExtendsionTutorialTests */,
			);
		};
/* End PBXProject section */

/* Begin PBXResourcesBuildPhase section */
		BA0390D61B40EDA700C307A8 /* Resources */ = {
			isa = PBXResourcesBuildPhase;
			buildActionMask = 2147483647;
			files = (
				BA0390E71B40EDA700C307A8 /* Main.storyboard in Resources */,
				BA0390EC1B40EDA700C307A8 /* LaunchScreen.xib in Resources */,
				BA0390E91B40EDA700C307A8 /* Images.xcassets in Resources */,
			);
			runOnlyForDeploymentPostprocessing = 0;
		};
		BA0390EF1B40EDA800C307A8 /* Resources */ = {
			isa = PBXResourcesBuildPhase;
			buildActionMask = 2147483647;
			files = (
			);
			runOnlyForDeploymentPostprocessing = 0;
		};
/* End PBXResourcesBuildPhase section */

/* Begin PBXSourcesBuildPhase section */
		BA0390D41B40EDA700C307A8 /* Sources */ = {
			isa = PBXSourcesBuildPhase;
			buildActionMask = 2147483647;
			files = (
				BA0390E41B40EDA700C307A8 /* ViewController.m in Sources */,
				BA0390E11B40EDA700C307A8 /* AppDelegate.m in Sources */,
				BA0390DE1B40EDA700C307A8 /* main.m in Sources */,
			);
			runOnlyForDeploymentPostprocessing = 0;
		};
		BA0390ED1B40EDA800C307A8 /* Sources */ = {
			isa = PBXSourcesBuildPhase;
			buildActionMask = 2147483647;
			files = (
				BA0390F81B40EDA800C307A8 /* TodayExtendsionTutorialTests.m in Sources */,
			);
			runOnlyForDeploymentPostprocessing = 0;
		};
/* End PBXSourcesBuildPhase section */

/* Begin PBXTargetDependency section */
		BA0390F31B40EDA800C307A8 /* PBXTargetDependency */ = {
			isa = PBXTargetDependency;
			target = BA0390D71B40EDA700C307A8 /* TodayExtendsionTutorial */;
			targetProxy = BA0390F21B40EDA800C307A8 /* PBXContainerItemProxy */;
		};
/* End PBXTargetDependency section */

/* Begin PBXVariantGroup section */
		BA0390E51B40EDA700C307A8 /* Main.storyboard */ = {
			isa = PBXVariantGroup;
			children = (
				BA0390E61B40EDA700C307A8 /* Base */,
			);
			name = Main.storyboard;
			sourceTree = "<group>";
		};
		BA0390EA1B40EDA700C307A8 /* LaunchScreen.xib */ = {
			isa = PBXVariantGroup;
			children = (
				BA0390EB1B40EDA700C307A8 /* Base */,
			);
			name = LaunchScreen.xib;
			sourceTree = "<group>";
		};
/* End PBXVariantGroup section */

/* Begin XCBuildConfiguration section */
		BA0390F91B40EDA800C307A8 /* Debug */ = {
			isa = XCBuildConfiguration;
			buildSettings = {
				ALWAYS_SEARCH_USER_PATHS = NO;
				CLANG_CXX_LANGUAGE_STANDARD = "gnu++0x";
				CLANG_CXX_LIBRARY = "libc++";
				CLANG_ENABLE_MODULES = YES;
				CLANG_ENABLE_OBJC_ARC = YES;
				CLANG_WARN_BOOL_CONVERSION = YES;
				CLANG_WARN_CONSTANT_CONVERSION = YES;
				CLANG_WARN_DIRECT_OBJC_ISA_USAGE = YES_ERROR;
				CLANG_WARN_EMPTY_BODY = YES;
				CLANG_WARN_ENUM_CONVERSION = YES;
				CLANG_WARN_INT_CONVERSION = YES;
				CLANG_WARN_OBJC_ROOT_CLASS = YES_ERROR;
				CLANG_WARN_UNREACHABLE_CODE = YES;
				CLANG_WARN__DUPLICATE_METHOD_MATCH = YES;
				"CODE_SIGN_IDENTITY[sdk=iphoneos*]" = "iPhone Developer";
				COPY_PHASE_STRIP = NO;
				ENABLE_STRICT_OBJC_MSGSEND = YES;
				GCC_C_LANGUAGE_STANDARD = gnu99;
				GCC_DYNAMIC_NO_PIC = NO;
				GCC_OPTIMIZATION_LEVEL = 0;
				GCC_PREPROCESSOR_DEFINITIONS = (
					"DEBUG=1",
					"$(inherited)",
				);
				GCC_SYMBOLS_PRIVATE_EXTERN = NO;
				GCC_WARN_64_TO_32_BIT_CONVERSION = YES;
				GCC_WARN_ABOUT_RETURN_TYPE = YES_ERROR;
				GCC_WARN_UNDECLARED_SELECTOR = YES;
				GCC_WARN_UNINITIALIZED_AUTOS = YES_AGGRESSIVE;
				GCC_WARN_UNUSED_FUNCTION = YES;
				GCC_WARN_UNUSED_VARIABLE = YES;
				IPHONEOS_DEPLOYMENT_TARGET = 8.1;
				MTL_ENABLE_DEBUG_INFO = YES;
				ONLY_ACTIVE_ARCH = YES;
				SDKROOT = iphoneos;
				TARGETED_DEVICE_FAMILY = "1,2";
			};
			name = Debug;
		};
		BA0390FA1B40EDA800C307A8 /* Release */ = {
			isa = XCBuildConfiguration;
			buildSettings = {
				ALWAYS_SEARCH_USER_PATHS = NO;
				CLANG_CXX_LANGUAGE_STANDARD = "gnu++0x";
				CLANG_CXX_LIBRARY = "libc++";
				CLANG_ENABLE_MODULES = YES;
				CLANG_ENABLE_OBJC_ARC = YES;
				CLANG_WARN_BOOL_CONVERSION = YES;
				CLANG_WARN_CONSTANT_CONVERSION = YES;
				CLANG_WARN_DIRECT_OBJC_ISA_USAGE = YES_ERROR;
				CLANG_WARN_EMPTY_BODY = YES;
				CLANG_WARN_ENUM_CONVERSION = YES;
				CLANG_WARN_INT_CONVERSION = YES;
				CLANG_WARN_OBJC_ROOT_CLASS = YES_ERROR;
				CLANG_WARN_UNREACHABLE_CODE = YES;
				CLANG_WARN__DUPLICATE_METHOD_MATCH = YES;
				"CODE_SIGN_IDENTITY[sdk=iphoneos*]" = "iPhone Developer";
				COPY_PHASE_STRIP = YES;
				ENABLE_NS_ASSERTIONS = NO;
				ENABLE_STRICT_OBJC_MSGSEND = YES;
				GCC_C_LANGUAGE_STANDARD = gnu99;
				GCC_WARN_64_TO_32_BIT_CONVERSION = YES;
				GCC_WARN_ABOUT_RETURN_TYPE = YES_ERROR;
				GCC_WARN_UNDECLARED_SELECTOR = YES;
				GCC_WARN_UNINITIALIZED_AUTOS = YES_AGGRESSIVE;
				GCC_WARN_UNUSED_FUNCTION = YES;
				GCC_WARN_UNUSED_VARIABLE = YES;
				IPHONEOS_DEPLOYMENT_TARGET = 8.1;
				MTL_ENABLE_DEBUG_INFO = NO;
				SDKROOT = iphoneos;
				TARGETED_DEVICE_FAMILY = "1,2";
				VALIDATE_PRODUCT = YES;
			};
			name = Release;
		};
		BA0390FC1B40EDA800C307A8 /* Debug */ = {
			isa = XCBuildConfiguration;
			buildSettings = {
				ASSETCATALOG_COMPILER_APPICON_NAME = AppIcon;
				INFOPLIST_FILE = TodayExtendsionTutorial/Info.plist;
				LD_RUNPATH_SEARCH_PATHS = "$(inherited) @executable_path/Frameworks";
				PRODUCT_NAME = "$(TARGET_NAME)";
			};
			name = Debug;
		};
		BA0390FD1B40EDA800C307A8 /* Release */ = {
			isa = XCBuildConfiguration;
			buildSettings = {
				ASSETCATALOG_COMPILER_APPICON_NAME = AppIcon;
				INFOPLIST_FILE = TodayExtendsionTutorial/Info.plist;
				LD_RUNPATH_SEARCH_PATHS = "$(inherited) @executable_path/Frameworks";
				PRODUCT_NAME = "$(TARGET_NAME)";
			};
			name = Release;
		};
		BA0390FF1B40EDA800C307A8 /* Debug */ = {
			isa = XCBuildConfiguration;
			buildSettings = {
				BUNDLE_LOADER = "$(TEST_HOST)";
				FRAMEWORK_SEARCH_PATHS = (
					"$(SDKROOT)/Developer/Library/Frameworks",
					"$(inherited)",
				);
				GCC_PREPROCESSOR_DEFINITIONS = (
					"DEBUG=1",
					"$(inherited)",
				);
				INFOPLIST_FILE = TodayExtendsionTutorialTests/Info.plist;
				LD_RUNPATH_SEARCH_PATHS = "$(inherited) @executable_path/Frameworks @loader_path/Frameworks";
				PRODUCT_NAME = "$(TARGET_NAME)";
				TEST_HOST = "$(BUILT_PRODUCTS_DIR)/TodayExtendsionTutorial.app/TodayExtendsionTutorial";
			};
			name = Debug;
		};
		BA0391001B40EDA800C307A8 /* Release */ = {
			isa = XCBuildConfiguration;
			buildSettings = {
				BUNDLE_LOADER = "$(TEST_HOST)";
				FRAMEWORK_SEARCH_PATHS = (
					"$(SDKROOT)/Developer/Library/Frameworks",
					"$(inherited)",
				);
				INFOPLIST_FILE = TodayExtendsionTutorialTests/Info.plist;
				LD_RUNPATH_SEARCH_PATHS = "$(inherited) @executable_path/Frameworks @loader_path/Frameworks";
				PRODUCT_NAME = "$(TARGET_NAME)";
				TEST_HOST = "$(BUILT_PRODUCTS_DIR)/TodayExtendsionTutorial.app/TodayExtendsionTutorial";
			};
			name = Release;
		};
/* End XCBuildConfiguration section */

/* Begin XCConfigurationList section */
		BA0390D31B40EDA700C307A8 /* Build configuration list for PBXProject "TodayExtendsionTutorial" */ = {
			isa = XCConfigurationList;
			buildConfigurations = (
				BA0390F91B40EDA800C307A8 /* Debug */,
				BA0390FA1B40EDA800C307A8 /* Release */,
			);
			defaultConfigurationIsVisible = 0;
			defaultConfigurationName = Release;
		};
		BA0390FB1B40EDA800C307A8 /* Build configuration list for PBXNativeTarget "TodayExtendsionTutorial" */ = {
			isa = XCConfigurationList;
			buildConfigurations = (
				BA0390FC1B40EDA800C307A8 /* Debug */,
				BA0390FD1B40EDA800C307A8 /* Release */,
			);
			defaultConfigurationIsVisible = 0;
		};
		BA0390FE1B40EDA800C307A8 /* Build configuration list for PBXNativeTarget "TodayExtendsionTutorialTests" */ = {
			isa = XCConfigurationList;
			buildConfigurations = (
				BA0390FF1B40EDA800C307A8 /* Debug */,
				BA0391001B40EDA800C307A8 /* Release */,
			);
			defaultConfigurationIsVisible = 0;
		};
/* End XCConfigurationList section */
	};
	rootObject = BA0390D01B40EDA700C307A8 /* Project object */;
}
